
Microsoft Visual Studio Solution File, Format Version 12.00
# Visual Studio 15
Project("{FAE04EC0-301F-11D3-BF4B-00C04F79EFBC}") = "Assembly-CSharp", "Assembly-CSharp.csproj", "{D14ACB08-7E7C-FE15-BC7A-85CEE5307C0B}"
EndProject
Project("{FAE04EC0-301F-11D3-BF4B-00C04F79EFBC}") = "Assembly-CSharp-Editor", "Assembly-CSharp-Editor.csproj", "{AA901698-B949-CD01-59D0-B5262B1AB915}"
EndProject
Project("{FAE04EC0-301F-11D3-BF4B-00C04F79EFBC}") = "Assembly-CSharp", "Assembly-CSharp.Player.csproj", "{6EF392F0-7A3B-6EBA-DC27-88278C75D585}"
EndProject
Global
	GlobalSection(SolutionConfigurationPlatforms) = preSolution
		Debug|Any CPU = Debug|Any CPU
		Release|Any CPU = Release|Any CPU
	EndGlobalSection
	GlobalSection(ProjectConfigurationPlatforms) = postSolution
		{D14ACB08-7E7C-FE15-BC7A-85CEE5307C0B}.Debug|Any CPU.ActiveCfg = Debug|Any CPU
		{D14ACB08-7E7C-FE15-BC7A-85CEE5307C0B}.Debug|Any CPU.Build.0 = Debug|Any CPU
		{D14ACB08-7E7C-FE15-BC7A-85CEE5307C0B}.Release|Any CPU.ActiveCfg = Release|Any CPU
		{D14ACB08-7E7C-FE15-BC7A-85CEE5307C0B}.Release|Any CPU.Build.0 = Release|Any CPU
		{AA901698-B949-CD01-59D0-B5262B1AB915}.Debug|Any CPU.ActiveCfg = Debug|Any CPU
		{AA901698-B949-CD01-59D0-B5262B1AB915}.Debug|Any CPU.Build.0 = Debug|Any CPU
		{AA901698-B949-CD01-59D0-B5262B1AB915}.Release|Any CPU.ActiveCfg = Release|Any CPU
		{AA901698-B949-CD01-59D0-B5262B1AB915}.Release|Any CPU.Build.0 = Release|Any CPU
		{6EF392F0-7A3B-6EBA-DC27-88278C75D585}.Debug|Any CPU.ActiveCfg = Debug|Any CPU
		{6EF392F0-7A3B-6EBA-DC27-88278C75D585}.Debug|Any CPU.Build.0 = Debug|Any CPU
		{6EF392F0-7A3B-6EBA-DC27-88278C75D585}.Release|Any CPU.ActiveCfg = Release|Any CPU
		{6EF392F0-7A3B-6EBA-DC27-88278C75D585}.Release|Any CPU.Build.0 = Release|Any CPU
	EndGlobalSection
	GlobalSection(SolutionProperties) = preSolution
		HideSolutionNode = FALSE
	EndGlobalSection
EndGlobal
